
Microsoft Visual Studio Solution File, Format Version 12.00
# Visual Studio Version 16
VisualStudioVersion = 16.0.31624.102
MinimumVisualStudioVersion = 10.0.40219.1
Project("{FAE04EC0-301F-11D3-BF4B-00C04F79EFBC}") = "Lab_2V", "Lab_2V\Lab_2V.csproj", "{FD2BF7EC-078A-481B-BFCC-65847ED2FFFD}"
EndProject
Global
	GlobalSection(SolutionConfigurationPlatforms) = preSolution
		Debug|Any CPU = Debug|Any CPU
		Release|Any CPU = Release|Any CPU
	EndGlobalSection
	GlobalSection(ProjectConfigurationPlatforms) = postSolution
		{FD2BF7EC-078A-481B-BFCC-65847ED2FFFD}.Debug|Any CPU.ActiveCfg = Debug|Any CPU
		{FD2BF7EC-078A-481B-BFCC-65847ED2FFFD}.Debug|Any CPU.Build.0 = Debug|Any CPU
		{FD2BF7EC-078A-481B-BFCC-65847ED2FFFD}.Release|Any CPU.ActiveCfg = Release|Any CPU
		{FD2BF7EC-078A-481B-BFCC-65847ED2FFFD}.Release|Any CPU.Build.0 = Release|Any CPU
	EndGlobalSection
	GlobalSection(SolutionProperties) = preSolution
		HideSolutionNode = FALSE
	EndGlobalSection
	GlobalSection(ExtensibilityGlobals) = postSolution
		SolutionGuid = {26FB8B4E-049C-4ADE-BA93-9306181ACCE1}
	EndGlobalSection
EndGlobal
